// !$*UTF8*$!
{
	archiveVersion = 1;
	classes = {
	};
	objectVersion = 50;
	objects = {

/* Begin PBXBuildFile section */
		45BFFAA920EBFB22003D3E21 /* AppDelegate.swift in Sources */ = {isa = PBXBuildFile; fileRef = 45BFFAA820EBFB22003D3E21 /* AppDelegate.swift */; };
		45BFFAAB20EBFB22003D3E21 /* ViewController.swift in Sources */ = {isa = PBXBuildFile; fileRef = 45BFFAAA20EBFB22003D3E21 /* ViewController.swift */; };
		45BFFAAE20EBFB22003D3E21 /* Main.storyboard in Resources */ = {isa = PBXBuildFile; fileRef = 45BFFAAC20EBFB22003D3E21 /* Main.storyboard */; };
		45BFFAB020EBFB26003D3E21 /* Assets.xcassets in Resources */ = {isa = PBXBuildFile; fileRef = 45BFFAAF20EBFB26003D3E21 /* Assets.xcassets */; };
		45BFFAB320EBFB26003D3E21 /* LaunchScreen.storyboard in Resources */ = {isa = PBXBuildFile; fileRef = 45BFFAB120EBFB26003D3E21 /* LaunchScreen.storyboard */; };
/* End PBXBuildFile section */

/* Begin PBXFileReference section */
		45BFFAA520EBFB22003D3E21 /* DownloadingImages.app */ = {isa = PBXFileReference; explicitFileType = wrapper.application; includeInIndex = 0; path = DownloadingImages.app; sourceTree = BUILT_PRODUCTS_DIR; };
		45BFFAA820EBFB22003D3E21 /* AppDelegate.swift */ = {isa = PBXFileReference; lastKnownFileType = sourcecode.swift; path = AppDelegate.swift; sourceTree = "<group>"; };
		45BFFAAA20EBFB22003D3E21 /* ViewController.swift */ = {isa = PBXFileReference; lastKnownFileType = sourcecode.swift; path = ViewController.swift; sourceTree = "<group>"; };
		45BFFAAD20EBFB22003D3E21 /* Base */ = {isa = PBXFileReference; lastKnownFileType = file.storyboard; name = Base; path = Base.lproj/Main.storyboard; sourceTree = "<group>"; };
		45BFFAAF20EBFB26003D3E21 /* Assets.xcassets */ = {isa = PBXFileReference; lastKnownFileType = folder.assetcatalog; path = Assets.xcassets; sourceTree = "<group>"; };
		45BFFAB220EBFB26003D3E21 /* Base */ = {isa = PBXFileReference; lastKnownFileType = file.storyboard; name = Base; path = Base.lproj/LaunchScreen.storyboard; sourceTree = "<group>"; };
		45BFFAB420EBFB26003D3E21 /* Info.plist */ = {isa = PBXFileReference; lastKnownFileType = text.plist.xml; path = Info.plist; sourceTree = "<group>"; };
/* End PBXFileReference section */

/* Begin PBXFrameworksBuildPhase section */
		45BFFAA220EBFB22003D3E21 /* Frameworks */ = {
			isa = PBXFrameworksBuildPhase;
			buildActionMask = 2147483647;
			files = (
			);
			runOnlyForDeploymentPostprocessing = 0;
		};
/* End PBXFrameworksBuildPhase section */

/* Begin PBXGroup section */
		45BFFA9C20EBFB22003D3E21 = {
			isa = PBXGroup;
			children = (
				45BFFAA720EBFB22003D3E21 /* DownloadingImages */,
				45BFFAA620EBFB22003D3E21 /* Products */,
			);
			sourceTree = "<group>";
		};
		45BFFAA620EBFB22003D3E21 /* Products */ = {
			isa = PBXGroup;
			children = (
				45BFFAA520EBFB22003D3E21 /* DownloadingImages.app */,
			);
			name = Products;
			sourceTree = "<group>";
		};
		45BFFAA720EBFB22003D3E21 /* DownloadingImages */ = {
			isa = PBXGroup;
			children = (
				45BFFAA820EBFB22003D3E21 /* AppDelegate.swift */,
				45BFFAAA20EBFB22003D3E21 /* ViewController.swift */,
				45BFFAAC20EBFB22003D3E21 /* Main.storyboard */,
				45BFFAAF20EBFB26003D3E21 /* Assets.xcassets */,
				45BFFAB120EBFB26003D3E21 /* LaunchScreen.storyboard */,
				45BFFAB420EBFB26003D3E21 /* Info.plist */,
			);
			path = DownloadingImages;
			sourceTree = "<group>";
		};
/* End PBXGroup section */

/* Begin PBXNativeTarget section */
		45BFFAA420EBFB22003D3E21 /* DownloadingImages */ = {
			isa = PBXNativeTarget;
			buildConfigurationList = 45BFFAB720EBFB26003D3E21 /* Build configuration list for PBXNativeTarget "DownloadingImages" */;
			buildPhases = (
				45BFFAA120EBFB22003D3E21 /* Sources */,
				45BFFAA220EBFB22003D3E21 /* Frameworks */,
				45BFFAA320EBFB22003D3E21 /* Resources */,
			);
			buildRules = (
			);
			dependencies = (
			);
			name = DownloadingImages;
			productName = DownloadingImages;
			productReference = 45BFFAA520EBFB22003D3E21 /* DownloadingImages.app */;
			productType = "com.apple.product-type.application";
		};
/* End PBXNativeTarget section */

/* Begin PBXProject section */
		45BFFA9D20EBFB22003D3E21 /* Project object */ = {
			isa = PBXProject;
			attributes = {
				LastSwiftUpdateCheck = 1000;
				LastUpgradeCheck = 1000;
				ORGANIZATIONNAME = ISA;
				TargetAttributes = {
					45BFFAA420EBFB22003D3E21 = {
						CreatedOnToolsVersion = 10.0;
					};
				};
			};
			buildConfigurationList = 45BFFAA020EBFB22003D3E21 /* Build configuration list for PBXProject "DownloadingImages" */;
			compatibilityVersion = "Xcode 9.3";
			developmentRegion = en;
			hasScannedForEncodings = 0;
			knownRegions = (
				en,
				Base,
			);
			mainGroup = 45BFFA9C20EBFB22003D3E21;
			productRefGroup = 45BFFAA620EBFB22003D3E21 /* Products */;
			projectDirPath = "";
			projectRoot = "";
			targets = (
				45BFFAA420EBFB22003D3E21 /* DownloadingImages */,
			);
		};
/* End PBXProject section */

/* Begin PBXResourcesBuildPhase section */
		45BFFAA320EBFB22003D3E21 /* Resources */ = {
			isa = PBXResourcesBuildPhase;
			buildActionMask = 2147483647;
			files = (
				45BFFAB320EBFB26003D3E21 /* LaunchScreen.storyboard in Resources */,
				45BFFAB020EBFB26003D3E21 /* Assets.xcassets in Resources */,
				45BFFAAE20EBFB22003D3E21 /* Main.storyboard in Resources */,
			);
			runOnlyForDeploymentPostprocessing = 0;
		};
/* End PBXResourcesBuildPhase section */

/* Begin PBXSourcesBuildPhase section */
		45BFFAA120EBFB22003D3E21 /* Sources */ = {
			isa = PBXSourcesBuildPhase;
			buildActionMask = 2147483647;
			files = (
				45BFFAAB20EBFB22003D3E21 /* ViewController.swift in Sources */,
				45BFFAA920EBFB22003D3E21 /* AppDelegate.swift in Sources */,
			);
			runOnlyForDeploymentPostprocessing = 0;
		};
/* End PBXSourcesBuildPhase section */

/* Begin PBXVariantGroup section */
		45BFFAAC20EBFB22003D3E21 /* Main.storyboard */ = {
			isa = PBXVariantGroup;
			children = (
				45BFFAAD20EBFB22003D3E21 /* Base */,
			);
			name = Main.storyboard;
			sourceTree = "<group>";
		};
		45BFFAB120EBFB26003D3E21 /* LaunchScreen.storyboard */ = {
			isa = PBXVariantGroup;
			children = (
				45BFFAB220EBFB26003D3E21 /* Base */,
			);
			name = LaunchScreen.storyboard;
			sourceTree = "<group>";
		};
/* End PBXVariantGroup section */

/* Begin XCBuildConfiguration section */
		45BFFAB520EBFB26003D3E21 /* Debug */ = {
			isa = XCBuildConfiguration;
			buildSettings = {
				ALWAYS_SEARCH_USER_PATHS = NO;
				CLANG_ANALYZER_NONNULL = YES;
				CLANG_ANALYZER_NUMBER_OBJECT_CONVERSION = YES_AGGRESSIVE;
				CLANG_CXX_LANGUAGE_STANDARD = "gnu++14";
				CLANG_CXX_LIBRARY = "libc++";
				CLANG_ENABLE_MODULES = YES;
				CLANG_ENABLE_OBJC_ARC = YES;
				CLANG_ENABLE_OBJC_WEAK = YES;
				CLANG_WARN_BLOCK_CAPTURE_AUTORELEASING = YES;
				CLANG_WARN_BOOL_CONVERSION = YES;
				CLANG_WARN_COMMA = YES;
				CLANG_WARN_CONSTANT_CONVERSION = YES;
				CLANG_WARN_DEPRECATED_OBJC_IMPLEMENTATIONS = YES;
				CLANG_WARN_DIRECT_OBJC_ISA_USAGE = YES_ERROR;
				CLANG_WARN_DOCUMENTATION_COMMENTS = YES;
				CLANG_WARN_EMPTY_BODY = YES;
				CLANG_WARN_ENUM_CONVERSION = YES;
				CLANG_WARN_INFINITE_RECURSION = YES;
				CLANG_WARN_INT_CONVERSION = YES;
				CLANG_WARN_NON_LITERAL_NULL_CONVERSION = YES;
				CLANG_WARN_OBJC_IMPLICIT_RETAIN_SELF = YES;
				CLANG_WARN_OBJC_LITERAL_CONVERSION = YES;
				CLANG_WARN_OBJC_ROOT_CLASS = YES_ERROR;
				CLANG_WARN_RANGE_LOOP_ANALYSIS = YES;
				CLANG_WARN_STRICT_PROTOTYPES = YES;
				CLANG_WARN_SUSPICIOUS_MOVE = YES;
				CLANG_WARN_UNGUARDED_AVAILABILITY = YES_AGGRESSIVE;
				CLANG_WARN_UNREACHABLE_CODE = YES;
				CLANG_WARN__DUPLICATE_METHOD_MATCH = YES;
				CODE_SIGN_IDENTITY = "iPhone Developer";
				COPY_PHASE_STRIP = NO;
				DEBUG_INFORMATION_FORMAT = dwarf;
				ENABLE_STRICT_OBJC_MSGSEND = YES;
				ENABLE_TESTABILITY = YES;
				GCC_C_LANGUAGE_STANDARD = gnu11;
				GCC_DYNAMIC_NO_PIC = NO;
				GCC_NO_COMMON_BLOCKS = YES;
				GCC_OPTIMIZATION_LEVEL = 0;
				GCC_PREPROCESSOR_DEFINITIONS = (
					"DEBUG=1",
					"$(inherited)",
				);
				GCC_WARN_64_TO_32_BIT_CONVERSION = YES;
				GCC_WARN_ABOUT_RETURN_TYPE = YES_ERROR;
				GCC_WARN_UNDECLARED_SELECTOR = YES;
				GCC_WARN_UNINITIALIZED_AUTOS = YES_AGGRESSIVE;
				GCC_WARN_UNUSED_FUNCTION = YES;
				GCC_WARN_UNUSED_VARIABLE = YES;
				IPHONEOS_DEPLOYMENT_TARGET = 12.0;
				MTL_ENABLE_DEBUG_INFO = INCLUDE_SOURCE;
				ONLY_ACTIVE_ARCH = YES;
				SDKROOT = iphoneos;
				SWIFT_ACTIVE_COMPILATION_CONDITIONS = DEBUG;
				SWIFT_OPTIMIZATION_LEVEL = "-Onone";
			};
			name = Debug;
		};
		45BFFAB620EBFB26003D3E21 /* Release */ = {
			isa = XCBuildConfiguration;
			buildSettings = {
				ALWAYS_SEARCH_USER_PATHS = NO;
				CLANG_ANALYZER_NONNULL = YES;
				CLANG_ANALYZER_NUMBER_OBJECT_CONVERSION = YES_AGGRESSIVE;
				CLANG_CXX_LANGUAGE_STANDARD = "gnu++14";
				CLANG_CXX_LIBRARY = "libc++";
				CLANG_ENABLE_MODULES = YES;
				CLANG_ENABLE_OBJC_ARC = YES;
				CLANG_ENABLE_OBJC_WEAK = YES;
				CLANG_WARN_BLOCK_CAPTURE_AUTORELEASING = YES;
				CLANG_WARN_BOOL_CONVERSION = YES;
				CLANG_WARN_COMMA = YES;
				CLANG_WARN_CONSTANT_CONVERSION = YES;
				CLANG_WARN_DEPRECATED_OBJC_IMPLEMENTATIONS = YES;
				CLANG_WARN_DIRECT_OBJC_ISA_USAGE = YES_ERROR;
				CLANG_WARN_DOCUMENTATION_COMMENTS = YES;
				CLANG_WARN_EMPTY_BODY = YES;
				CLANG_WARN_ENUM_CONVERSION = YES;
				CLANG_WARN_INFINITE_RECURSION = YES;
				CLANG_WARN_INT_CONVERSION = YES;
				CLANG_WARN_NON_LITERAL_NULL_CONVERSION = YES;
				CLANG_WARN_OBJC_IMPLICIT_RETAIN_SELF = YES;
				CLANG_WARN_OBJC_LITERAL_CONVERSION = YES;
				CLANG_WARN_OBJC_ROOT_CLASS = YES_ERROR;
				CLANG_WARN_RANGE_LOOP_ANALYSIS = YES;
				CLANG_WARN_STRICT_PROTOTYPES = YES;
				CLANG_WARN_SUSPICIOUS_MOVE = YES;
				CLANG_WARN_UNGUARDED_AVAILABILITY = YES_AGGRESSIVE;
				CLANG_WARN_UNREACHABLE_CODE = YES;
				CLANG_WARN__DUPLICATE_METHOD_MATCH = YES;
				CODE_SIGN_IDENTITY = "iPhone Developer";
				COPY_PHASE_STRIP = NO;
				DEBUG_INFORMATION_FORMAT = "dwarf-with-dsym";
				ENABLE_NS_ASSERTIONS = NO;
				ENABLE_STRICT_OBJC_MSGSEND = YES;
				GCC_C_LANGUAGE_STANDARD = gnu11;
				GCC_NO_COMMON_BLOCKS = YES;
				GCC_WARN_64_TO_32_BIT_CONVERSION = YES;
				GCC_WARN_ABOUT_RETURN_TYPE = YES_ERROR;
				GCC_WARN_UNDECLARED_SELECTOR = YES;
				GCC_WARN_UNINITIALIZED_AUTOS = YES_AGGRESSIVE;
				GCC_WARN_UNUSED_FUNCTION = YES;
				GCC_WARN_UNUSED_VARIABLE = YES;
				IPHONEOS_DEPLOYMENT_TARGET = 12.0;
				MTL_ENABLE_DEBUG_INFO = NO;
				SDKROOT = iphoneos;
				SWIFT_COMPILATION_MODE = wholemodule;
				SWIFT_OPTIMIZATION_LEVEL = "-O";
				VALIDATE_PRODUCT = YES;
			};
			name = Release;
		};
		45BFFAB820EBFB26003D3E21 /* Debug */ = {
			isa = XCBuildConfiguration;
			buildSettings = {
				ASSETCATALOG_COMPILER_APPICON_NAME = AppIcon;
				CODE_SIGN_STYLE = Automatic;
				DEVELOPMENT_TEAM = 7FFN2SHW2X;
				INFOPLIST_FILE = DownloadingImages/Info.plist;
				LD_RUNPATH_SEARCH_PATHS = (
					"$(inherited)",
					"@executable_path/Frameworks",
				);
				PRODUCT_BUNDLE_IDENTIFIER = com.isa.DownloadingImages;
				PRODUCT_NAME = "$(TARGET_NAME)";
				SWIFT_VERSION = 4.2;
				TARGETED_DEVICE_FAMILY = "1,2";
			};
			name = Debug;
		};
		45BFFAB920EBFB26003D3E21 /* Release */ = {
			isa = XCBuildConfiguration;
			buildSettings = {
				ASSETCATALOG_COMPILER_APPICON_NAME = AppIcon;
				CODE_SIGN_STYLE = Automatic;
				DEVELOPMENT_TEAM = 7FFN2SHW2X;
				INFOPLIST_FILE = DownloadingImages/Info.plist;
				LD_RUNPATH_SEARCH_PATHS = (
					"$(inherited)",
					"@executable_path/Frameworks",
				);
				PRODUCT_BUNDLE_IDENTIFIER = com.isa.DownloadingImages;
				PRODUCT_NAME = "$(TARGET_NAME)";
				SWIFT_VERSION = 4.2;
				TARGETED_DEVICE_FAMILY = "1,2";
			};
			name = Release;
		};
/* End XCBuildConfiguration section */

/* Begin XCConfigurationList section */
		45BFFAA020EBFB22003D3E21 /* Build configuration list for PBXProject "DownloadingImages" */ = {
			isa = XCConfigurationList;
			buildConfigurations = (
				45BFFAB520EBFB26003D3E21 /* Debug */,
				45BFFAB620EBFB26003D3E21 /* Release */,
			);
			defaultConfigurationIsVisible = 0;
			defaultConfigurationName = Release;
		};
		45BFFAB720EBFB26003D3E21 /* Build configuration list for PBXNativeTarget "DownloadingImages" */ = {
			isa = XCConfigurationList;
			buildConfigurations = (
				45BFFAB820EBFB26003D3E21 /* Debug */,
				45BFFAB920EBFB26003D3E21 /* Release */,
			);
			defaultConfigurationIsVisible = 0;
			defaultConfigurationName = Release;
		};
/* End XCConfigurationList section */
	};
	rootObject = 45BFFA9D20EBFB22003D3E21 /* Project object */;
}
